
Microsoft Visual Studio Solution File, Format Version 12.00
# Visual Studio Version 17
VisualStudioVersion = 17.11.35327.3
MinimumVisualStudioVersion = 10.0.40219.1
Project("{FAE04EC0-301F-11D3-BF4B-00C04F79EFBC}") = "ImoveisApi2", "ImoveisApi2\ImoveisApi2.csproj", "{A0629F47-70E7-46EA-B6AB-CFD9DA828A12}"
EndProject
Global
	GlobalSection(SolutionConfigurationPlatforms) = preSolution
		Debug|Any CPU = Debug|Any CPU
		Release|Any CPU = Release|Any CPU
	EndGlobalSection
	GlobalSection(ProjectConfigurationPlatforms) = postSolution
		{A0629F47-70E7-46EA-B6AB-CFD9DA828A12}.Debug|Any CPU.ActiveCfg = Debug|Any CPU
		{A0629F47-70E7-46EA-B6AB-CFD9DA828A12}.Debug|Any CPU.Build.0 = Debug|Any CPU
		{A0629F47-70E7-46EA-B6AB-CFD9DA828A12}.Release|Any CPU.ActiveCfg = Release|Any CPU
		{A0629F47-70E7-46EA-B6AB-CFD9DA828A12}.Release|Any CPU.Build.0 = Release|Any CPU
	EndGlobalSection
	GlobalSection(SolutionProperties) = preSolution
		HideSolutionNode = FALSE
	EndGlobalSection
	GlobalSection(ExtensibilityGlobals) = postSolution
		SolutionGuid = {4C20ED31-BC6E-4A1E-90AB-EE21418ABE28}
	EndGlobalSection
EndGlobal
